--- 
dependencies: 
  spork: 
    group: 
    - :test
    version: = 0.7.5
    require: []

  fastercsv: 
    group: 
    - :default
    version: = 1.4.0
  compass: 
    group: 
    - :default
    version: = 0.10.1
  rails: 
    group: 
    - :default
    version: = 2.3.5
  haml: 
    group: 
    - :default
    version: = 3.0.4
  curb: 
    group: 
    - :default
    version: = 0.4.4.0
  mysql: 
    group: 
    - :default
    version: = 2.7
  authlogic: 
    group: 
    - :default
    version: = 2.1.3
  searchlogic: 
    group: 
    - :default
    version: = 2.4.12
  rspec: 
    group: 
    - :test
    version: = 1.3.0
    require: []

  amatch: 
    group: 
    - :default
    version: = 0.2.3
  seanhussey-woulda: 
    group: 
    - :test
    version: ">= 0"
    require: 
    - woulda
  thinking-sphinx: 
    group: 
    - :default
    version: = 1.3.14
    require: 
    - thinking_sphinx
  formtastic: 
    group: 
    - :default
    version: = 0.9.8
  geokit: 
    group: 
    - :default
    version: = 1.4.1
    require: 
    - geokit
  patron: 
    group: 
    - :default
    version: = 0.4.2
  floehopper-mocha: 
    group: 
    - :test
    version: ">= 0"
    require: 
    - mocha
  rspec-rails: 
    group: 
    - :test
    version: = 1.3.2
    require: []

  webrat: 
    group: 
    - :test
    version: = 0.7.0
  json: 
    group: 
    - :default
    version: ">= 0"
  will_paginate: 
    group: 
    - :default
    version: = 2.3.14
    require: 
    - will_paginate
  paperclip: 
    group: 
    - :default
    version: = 2.3.1.1
  jgre-monkeyspecdoc: 
    group: 
    - :test
    version: = 0.9.5
    require: 
    - monkeyspecdoc
  factory_girl: 
    group: 
    - :test
    version: = 1.2.4
  bcrypt-ruby: 
    group: 
    - :default
    version: = 2.1.2
    require: 
    - bcrypt
  ym4r: 
    group: 
    - :default
    version: = 0.6.1
  compass-960-plugin: 
    group: 
    - :default
    version: = 0.9.13
    require: []

  stevedore: 
    group: 
    - :default
    version: = 0.0.1
  chronic: 
    group: 
    - :default
    version: = 0.2.3
  hoptoad_notifier: 
    group: 
    - :default
    version: = 2.1.3
  thoughtbot-shoulda: 
    group: 
    - :test
    version: ">= 0"
    require: 
    - shoulda
  rails-test-serving: 
    group: 
    - :test
    version: = 0.1.4.2
    require: 
    - rails_test_serving
  flickraw: 
    group: 
    - :default
    version: = 0.8.1
    require: []

  aws-s3: 
    group: 
    - :default
    version: = 0.6.2
    require: 
    - aws/s3
  rubyzip: 
    group: 
    - :default
    version: = 0.9.1
    require: 
    - zip/zip
  active_hash: 
    group: 
    - :default
    version: = 0.7.9
  nokogiri: 
    group: 
    - :default
    version: = 1.3.2
specs: 
- rake: 
    version: 0.8.7
- activesupport: 
    version: 2.3.5
- rack: 
    version: 1.0.1
- actionpack: 
    version: 2.3.5
- actionmailer: 
    version: 2.3.5
- active_hash: 
    version: 0.7.9
- activerecord: 
    version: 2.3.5
- activeresource: 
    version: 2.3.5
- after_commit: 
    version: 1.0.7
- amatch: 
    version: 0.2.3
- authlogic: 
    version: 2.1.3
- builder: 
    version: 2.1.2
- mime-types: 
    version: "1.16"
- xml-simple: 
    version: 1.0.12
- aws-s3: 
    version: 0.6.2
- bcrypt-ruby: 
    version: 2.1.2
- json_pure: 
    version: 1.4.3
- rubyforge: 
    version: 2.0.4
- hoe: 
    version: 2.6.1
- chronic: 
    version: 0.2.3
- haml: 
    version: 3.0.4
- compass: 
    version: 0.10.1
- compass-960-plugin: 
    version: 0.9.13
- curb: 
    version: 0.4.4.0
- factory_girl: 
    version: 1.2.4
- fastercsv: 
    version: 1.4.0
- json: 
    version: 1.4.3
- flickraw: 
    version: 0.8.1
- floehopper-mocha: 
    version: 0.9.7.20090701124354
- formtastic: 
    version: 0.9.8
- geokit: 
    version: 1.4.1
- hoptoad_notifier: 
    version: 2.1.3
- jgre-monkeyspecdoc: 
    version: 0.9.5
- mysql: 
    version: "2.7"
- nokogiri: 
    version: 1.3.2
- paperclip: 
    version: 2.3.1.1
- patron: 
    version: 0.4.2
- rack-test: 
    version: 0.5.4
- rails: 
    version: 2.3.5
- rails-test-serving: 
    version: 0.1.4.2
- riddle: 
    version: 1.0.10
- rspec: 
    version: 1.3.0
- rspec-rails: 
    version: 1.3.2
- rubyzip: 
    version: 0.9.1
- thoughtbot-shoulda: 
    version: 2.10.2
- seanhussey-woulda: 
    version: 0.2.2
- searchlogic: 
    version: 2.4.12
- spork: 
    version: 0.7.5
- stevedore: 
    version: 0.0.1
- thinking-sphinx: 
    version: 1.3.14
- webrat: 
    version: 0.7.0
- will_paginate: 
    version: 2.3.14
- ym4r: 
    version: 0.6.1
hash: 596cd093d90a37d6152a193fefdf0fc8897e9f73
sources: 
- Rubygems: 
    uri: http://gemcutter.org
- Rubygems: 
    uri: http://gems.github.com
